
Microsoft Visual Studio Solution File, Format Version 12.00
# Visual Studio Version 17
VisualStudioVersion = 17.9.34728.123
MinimumVisualStudioVersion = 10.0.40219.1
Project("{FAE04EC0-301F-11D3-BF4B-00C04F79EFBC}") = "WpfApp5", "WpfApp5\WpfApp5.csproj", "{7CE544E7-8762-42CF-AB67-4432C72E8077}"
EndProject
Global
	GlobalSection(SolutionConfigurationPlatforms) = preSolution
		Debug|Any CPU = Debug|Any CPU
		Release|Any CPU = Release|Any CPU
	EndGlobalSection
	GlobalSection(ProjectConfigurationPlatforms) = postSolution
		{7CE544E7-8762-42CF-AB67-4432C72E8077}.Debug|Any CPU.ActiveCfg = Debug|Any CPU
		{7CE544E7-8762-42CF-AB67-4432C72E8077}.Debug|Any CPU.Build.0 = Debug|Any CPU
		{7CE544E7-8762-42CF-AB67-4432C72E8077}.Release|Any CPU.ActiveCfg = Release|Any CPU
		{7CE544E7-8762-42CF-AB67-4432C72E8077}.Release|Any CPU.Build.0 = Release|Any CPU
	EndGlobalSection
	GlobalSection(SolutionProperties) = preSolution
		HideSolutionNode = FALSE
	EndGlobalSection
	GlobalSection(ExtensibilityGlobals) = postSolution
		SolutionGuid = {1BF29549-D9C4-4DA7-AC32-6E37CEFCE599}
	EndGlobalSection
EndGlobal
